
Microsoft Visual Studio Solution File, Format Version 12.00
# Visual Studio 15
Project("{FAE04EC0-301F-11D3-BF4B-00C04F79EFBC}") = "OEBL-error-tasks", "OEBL-error-tasks.csproj", "{1290E203-C9AB-D1D7-4BF1-B1C374300FE7}"
EndProject
Project("{FAE04EC0-301F-11D3-BF4B-00C04F79EFBC}") = "OEBL-error-tasks.Editor", "OEBL-error-tasks.Editor.csproj", "{B5451E4E-D45B-64FA-6A48-73C3A022AF4D}"
EndProject
Global
	GlobalSection(SolutionConfigurationPlatforms) = preSolution
		Debug|Any CPU = Debug|Any CPU
		Release|Any CPU = Release|Any CPU
	EndGlobalSection
	GlobalSection(ProjectConfigurationPlatforms) = postSolution
		{1290E203-C9AB-D1D7-4BF1-B1C374300FE7}.Debug|Any CPU.ActiveCfg = Debug|Any CPU
		{1290E203-C9AB-D1D7-4BF1-B1C374300FE7}.Debug|Any CPU.Build.0 = Debug|Any CPU
		{1290E203-C9AB-D1D7-4BF1-B1C374300FE7}.Release|Any CPU.ActiveCfg = Release|Any CPU
		{1290E203-C9AB-D1D7-4BF1-B1C374300FE7}.Release|Any CPU.Build.0 = Release|Any CPU
		{B5451E4E-D45B-64FA-6A48-73C3A022AF4D}.Debug|Any CPU.ActiveCfg = Debug|Any CPU
		{B5451E4E-D45B-64FA-6A48-73C3A022AF4D}.Debug|Any CPU.Build.0 = Debug|Any CPU
		{B5451E4E-D45B-64FA-6A48-73C3A022AF4D}.Release|Any CPU.ActiveCfg = Release|Any CPU
		{B5451E4E-D45B-64FA-6A48-73C3A022AF4D}.Release|Any CPU.Build.0 = Release|Any CPU
	EndGlobalSection
	GlobalSection(SolutionProperties) = preSolution
		HideSolutionNode = FALSE
	EndGlobalSection
EndGlobal
